
Microsoft Visual Studio Solution File, Format Version 12.00
# Visual Studio 15
VisualStudioVersion = 15.0.28307.572
MinimumVisualStudioVersion = 10.0.40219.1
Project("{FAE04EC0-301F-11D3-BF4B-00C04F79EFBC}") = "WPF.UniScanCM", "Application\UniScanC\WPF.UniScanCM\WPF.UniScanCM.csproj", "{7149BD06-2873-4F5C-9C16-E5D954972F10}"
EndProject
Project("{2150E333-8FDC-42A3-9474-1A3956D46DE8}") = "DynMvp.Core", "DynMvp.Core", "{2D30F4A0-844D-4D3D-A438-2B0C3A4C5F36}"
EndProject
Project("{FAE04EC0-301F-11D3-BF4B-00C04F79EFBC}") = "DynMvp", "DynMvp.Core\DynMvp\DynMvp.csproj", "{532B9DD5-C3DC-4F76-8CF4-233C867FC2D3}"
EndProject
Project("{FAE04EC0-301F-11D3-BF4B-00C04F79EFBC}") = "DynMvp.Cad", "DynMvp.Core\DynMvp.Cad\DynMvp.Cad.csproj", "{E9949AB9-EFC9-451E-B5ED-68A56CB43D72}"
EndProject
Project("{FAE04EC0-301F-11D3-BF4B-00C04F79EFBC}") = "DynMvp.Component", "DynMvp.Core\DynMvp.Component\DynMvp.Component.csproj", "{714FFBF3-2D97-4E73-A50F-6345B2E6948A}"
EndProject
Project("{FAE04EC0-301F-11D3-BF4B-00C04F79EFBC}") = "DynMvp.Data", "DynMvp.Core\DynMvp.Data\DynMvp.Data.csproj", "{88F6F6BE-0858-41E6-9CE2-3704AEFC12A7}"
EndProject
Project("{FAE04EC0-301F-11D3-BF4B-00C04F79EFBC}") = "DynMvp.Devices", "DynMvp.Core\DynMvp.Device\DynMvp.Devices.csproj", "{6BCC6601-4E70-4066-889C-CDA17497878A}"
EndProject
Project("{FAE04EC0-301F-11D3-BF4B-00C04F79EFBC}") = "DynMvp.Vision", "DynMvp.Core\DynMvp.Vision\DynMvp.Vision.csproj", "{146F582A-9D90-4EBB-8D2A-52C34D1A6FAA}"
EndProject
Project("{2150E333-8FDC-42A3-9474-1A3956D46DE8}") = "Util", "Util", "{2A221644-E338-41E0-818A-5965A764D8BB}"
EndProject
Project("{2150E333-8FDC-42A3-9474-1A3956D46DE8}") = "Application", "Application", "{FE505566-635A-406A-AD2F-32A8DBD160C4}"
EndProject
Project("{2150E333-8FDC-42A3-9474-1A3956D46DE8}") = "UniScanC", "UniScanC", "{371C46E3-410B-4DAD-A9C6-242680B36A5F}"
EndProject
Project("{FAE04EC0-301F-11D3-BF4B-00C04F79EFBC}") = "Unieye.WPF.Base", "DynMvp.Core\Unieye.WPF.Base\Unieye.WPF.Base.csproj", "{252484F7-A94B-4D52-AA89-7BD627DE5D10}"
EndProject
Project("{FAE04EC0-301F-11D3-BF4B-00C04F79EFBC}") = "WPF.UniScanIM", "Application\UniScanC\WPF.UniScanIM\WPF.UniScanIM.csproj", "{C80BD54A-41BF-4DE1-AFFB-162252CA8770}"
EndProject
Project("{FAE04EC0-301F-11D3-BF4B-00C04F79EFBC}") = "WPF.ThicknessMeasure", "Application\UniscanC\WPF.ThicknessMeasure\WPF.ThicknessMeasure.csproj", "{6B621AC4-D467-4FAB-B7C2-21BABFD851FB}"
EndProject
Project("{FAE04EC0-301F-11D3-BF4B-00C04F79EFBC}") = "WPF.RefractionMeasure", "Util\WPF.RefractionMeasure\WPF.RefractionMeasure.csproj", "{0EA70ED8-4F0A-4BE3-B811-C361C2DFECB9}"
EndProject
Project("{FAE04EC0-301F-11D3-BF4B-00C04F79EFBC}") = "UniEye.Translation", "DynMvp.Core\Unieye.Translation\UniEye.Translation.csproj", "{75F4FE09-4F80-49B5-B8CB-C7E3E761AAA3}"
EndProject
Project("{FAE04EC0-301F-11D3-BF4B-00C04F79EFBC}") = "UniEye.StringManagement", "Util\UniEye.StringManagement\UniEye.StringManagement.csproj", "{D128A18D-2433-40D8-BE29-DA6896DC25A3}"
EndProject
Project("{2150E333-8FDC-42A3-9474-1A3956D46DE8}") = "Authentication", "Authentication", "{E058C31D-38E8-4C6F-9974-192182FABD87}"
EndProject
Project("{FAE04EC0-301F-11D3-BF4B-00C04F79EFBC}") = "Authentication.Core", "Authentication\Authentication.Core\Authentication.Core.csproj", "{C1EAF217-931E-4B06-806A-97613C747572}"
EndProject
Project("{2150E333-8FDC-42A3-9474-1A3956D46DE8}") = "TEST", "TEST", "{36D48D93-A371-4F75-92B4-DA03497C3C86}"
EndProject
Project("{FAE04EC0-301F-11D3-BF4B-00C04F79EFBC}") = "AlgoTest", "Application\TEST\AlgoTest\AlgoTest.csproj", "{E077C39B-9DC3-4443-9CC4-F9A81DCF7E78}"
EndProject
Project("{FAE04EC0-301F-11D3-BF4B-00C04F79EFBC}") = "UniScanC", "Application\UniscanC\UniScanC\UniScanC.csproj", "{60941526-F279-4C38-89AA-05D51E95B5C6}"
EndProject
Project("{FAE04EC0-301F-11D3-BF4B-00C04F79EFBC}") = "UniEye.Base", "DynMvp.Core\UniEye.Base\UniEye.Base.csproj", "{0BD31B0D-4675-460F-BF03-82AFAFDD1D1F}"
EndProject
Global
	GlobalSection(SolutionConfigurationPlatforms) = preSolution
		Debug|x64 = Debug|x64
		Release|x64 = Release|x64
	EndGlobalSection
	GlobalSection(ProjectConfigurationPlatforms) = postSolution
		{7149BD06-2873-4F5C-9C16-E5D954972F10}.Debug|x64.ActiveCfg = Debug|x64
		{7149BD06-2873-4F5C-9C16-E5D954972F10}.Debug|x64.Build.0 = Debug|x64
		{7149BD06-2873-4F5C-9C16-E5D954972F10}.Release|x64.ActiveCfg = Release|x64
		{7149BD06-2873-4F5C-9C16-E5D954972F10}.Release|x64.Build.0 = Release|x64
		{532B9DD5-C3DC-4F76-8CF4-233C867FC2D3}.Debug|x64.ActiveCfg = Debug|x64
		{532B9DD5-C3DC-4F76-8CF4-233C867FC2D3}.Debug|x64.Build.0 = Debug|x64
		{532B9DD5-C3DC-4F76-8CF4-233C867FC2D3}.Release|x64.ActiveCfg = Release|x64
		{532B9DD5-C3DC-4F76-8CF4-233C867FC2D3}.Release|x64.Build.0 = Release|x64
		{E9949AB9-EFC9-451E-B5ED-68A56CB43D72}.Debug|x64.ActiveCfg = Debug|x64
		{E9949AB9-EFC9-451E-B5ED-68A56CB43D72}.Debug|x64.Build.0 = Debug|x64
		{E9949AB9-EFC9-451E-B5ED-68A56CB43D72}.Release|x64.ActiveCfg = Release|x64
		{E9949AB9-EFC9-451E-B5ED-68A56CB43D72}.Release|x64.Build.0 = Release|x64
		{714FFBF3-2D97-4E73-A50F-6345B2E6948A}.Debug|x64.ActiveCfg = Debug|x64
		{714FFBF3-2D97-4E73-A50F-6345B2E6948A}.Debug|x64.Build.0 = Debug|x64
		{714FFBF3-2D97-4E73-A50F-6345B2E6948A}.Release|x64.ActiveCfg = Release|x64
		{714FFBF3-2D97-4E73-A50F-6345B2E6948A}.Release|x64.Build.0 = Release|x64
		{88F6F6BE-0858-41E6-9CE2-3704AEFC12A7}.Debug|x64.ActiveCfg = Debug|x64
		{88F6F6BE-0858-41E6-9CE2-3704AEFC12A7}.Debug|x64.Build.0 = Debug|x64
		{88F6F6BE-0858-41E6-9CE2-3704AEFC12A7}.Release|x64.ActiveCfg = Release|x64
		{88F6F6BE-0858-41E6-9CE2-3704AEFC12A7}.Release|x64.Build.0 = Release|x64
		{6BCC6601-4E70-4066-889C-CDA17497878A}.Debug|x64.ActiveCfg = Debug|x64
		{6BCC6601-4E70-4066-889C-CDA17497878A}.Debug|x64.Build.0 = Debug|x64
		{6BCC6601-4E70-4066-889C-CDA17497878A}.Release|x64.ActiveCfg = Release|x64
		{6BCC6601-4E70-4066-889C-CDA17497878A}.Release|x64.Build.0 = Release|x64
		{146F582A-9D90-4EBB-8D2A-52C34D1A6FAA}.Debug|x64.ActiveCfg = Debug|x64
		{146F582A-9D90-4EBB-8D2A-52C34D1A6FAA}.Debug|x64.Build.0 = Debug|x64
		{146F582A-9D90-4EBB-8D2A-52C34D1A6FAA}.Release|x64.ActiveCfg = Release|x64
		{146F582A-9D90-4EBB-8D2A-52C34D1A6FAA}.Release|x64.Build.0 = Release|x64
		{252484F7-A94B-4D52-AA89-7BD627DE5D10}.Debug|x64.ActiveCfg = Debug|x64
		{252484F7-A94B-4D52-AA89-7BD627DE5D10}.Debug|x64.Build.0 = Debug|x64
		{252484F7-A94B-4D52-AA89-7BD627DE5D10}.Release|x64.ActiveCfg = Release|x64
		{252484F7-A94B-4D52-AA89-7BD627DE5D10}.Release|x64.Build.0 = Release|x64
		{C80BD54A-41BF-4DE1-AFFB-162252CA8770}.Debug|x64.ActiveCfg = Debug|x64
		{C80BD54A-41BF-4DE1-AFFB-162252CA8770}.Debug|x64.Build.0 = Debug|x64
		{C80BD54A-41BF-4DE1-AFFB-162252CA8770}.Release|x64.ActiveCfg = Release|x64
		{C80BD54A-41BF-4DE1-AFFB-162252CA8770}.Release|x64.Build.0 = Release|x64
		{6B621AC4-D467-4FAB-B7C2-21BABFD851FB}.Debug|x64.ActiveCfg = Debug|x64
		{6B621AC4-D467-4FAB-B7C2-21BABFD851FB}.Debug|x64.Build.0 = Debug|x64
		{6B621AC4-D467-4FAB-B7C2-21BABFD851FB}.Release|x64.ActiveCfg = Release|x64
		{6B621AC4-D467-4FAB-B7C2-21BABFD851FB}.Release|x64.Build.0 = Release|x64
		{0EA70ED8-4F0A-4BE3-B811-C361C2DFECB9}.Debug|x64.ActiveCfg = Debug|x64
		{0EA70ED8-4F0A-4BE3-B811-C361C2DFECB9}.Debug|x64.Build.0 = Debug|x64
		{0EA70ED8-4F0A-4BE3-B811-C361C2DFECB9}.Release|x64.ActiveCfg = Release|x64
		{0EA70ED8-4F0A-4BE3-B811-C361C2DFECB9}.Release|x64.Build.0 = Release|x64
		{75F4FE09-4F80-49B5-B8CB-C7E3E761AAA3}.Debug|x64.ActiveCfg = Debug|x64
		{75F4FE09-4F80-49B5-B8CB-C7E3E761AAA3}.Debug|x64.Build.0 = Debug|x64
		{75F4FE09-4F80-49B5-B8CB-C7E3E761AAA3}.Release|x64.ActiveCfg = Release|x64
		{75F4FE09-4F80-49B5-B8CB-C7E3E761AAA3}.Release|x64.Build.0 = Release|x64
		{D128A18D-2433-40D8-BE29-DA6896DC25A3}.Debug|x64.ActiveCfg = Debug|x64
		{D128A18D-2433-40D8-BE29-DA6896DC25A3}.Debug|x64.Build.0 = Debug|x64
		{D128A18D-2433-40D8-BE29-DA6896DC25A3}.Release|x64.ActiveCfg = Release|x64
		{D128A18D-2433-40D8-BE29-DA6896DC25A3}.Release|x64.Build.0 = Release|x64
		{C1EAF217-931E-4B06-806A-97613C747572}.Debug|x64.ActiveCfg = Debug|x64
		{C1EAF217-931E-4B06-806A-97613C747572}.Debug|x64.Build.0 = Debug|x64
		{C1EAF217-931E-4B06-806A-97613C747572}.Release|x64.ActiveCfg = Release|x64
		{C1EAF217-931E-4B06-806A-97613C747572}.Release|x64.Build.0 = Release|x64
		{E077C39B-9DC3-4443-9CC4-F9A81DCF7E78}.Debug|x64.ActiveCfg = Debug|x64
		{E077C39B-9DC3-4443-9CC4-F9A81DCF7E78}.Debug|x64.Build.0 = Debug|x64
		{E077C39B-9DC3-4443-9CC4-F9A81DCF7E78}.Release|x64.ActiveCfg = Release|x64
		{E077C39B-9DC3-4443-9CC4-F9A81DCF7E78}.Release|x64.Build.0 = Release|x64
		{60941526-F279-4C38-89AA-05D51E95B5C6}.Debug|x64.ActiveCfg = Debug|x64
		{60941526-F279-4C38-89AA-05D51E95B5C6}.Debug|x64.Build.0 = Debug|x64
		{60941526-F279-4C38-89AA-05D51E95B5C6}.Release|x64.ActiveCfg = Release|x64
		{60941526-F279-4C38-89AA-05D51E95B5C6}.Release|x64.Build.0 = Release|x64
		{0BD31B0D-4675-460F-BF03-82AFAFDD1D1F}.Debug|x64.ActiveCfg = Debug|x64
		{0BD31B0D-4675-460F-BF03-82AFAFDD1D1F}.Debug|x64.Build.0 = Debug|x64
		{0BD31B0D-4675-460F-BF03-82AFAFDD1D1F}.Release|x64.ActiveCfg = Release|x64
		{0BD31B0D-4675-460F-BF03-82AFAFDD1D1F}.Release|x64.Build.0 = Release|x64
	EndGlobalSection
	GlobalSection(SolutionProperties) = preSolution
		HideSolutionNode = FALSE
	EndGlobalSection
	GlobalSection(NestedProjects) = preSolution
		{7149BD06-2873-4F5C-9C16-E5D954972F10} = {371C46E3-410B-4DAD-A9C6-242680B36A5F}
		{532B9DD5-C3DC-4F76-8CF4-233C867FC2D3} = {2D30F4A0-844D-4D3D-A438-2B0C3A4C5F36}
		{E9949AB9-EFC9-451E-B5ED-68A56CB43D72} = {2D30F4A0-844D-4D3D-A438-2B0C3A4C5F36}
		{714FFBF3-2D97-4E73-A50F-6345B2E6948A} = {2D30F4A0-844D-4D3D-A438-2B0C3A4C5F36}
		{88F6F6BE-0858-41E6-9CE2-3704AEFC12A7} = {2D30F4A0-844D-4D3D-A438-2B0C3A4C5F36}
		{6BCC6601-4E70-4066-889C-CDA17497878A} = {2D30F4A0-844D-4D3D-A438-2B0C3A4C5F36}
		{146F582A-9D90-4EBB-8D2A-52C34D1A6FAA} = {2D30F4A0-844D-4D3D-A438-2B0C3A4C5F36}
		{371C46E3-410B-4DAD-A9C6-242680B36A5F} = {FE505566-635A-406A-AD2F-32A8DBD160C4}
		{252484F7-A94B-4D52-AA89-7BD627DE5D10} = {2D30F4A0-844D-4D3D-A438-2B0C3A4C5F36}
		{C80BD54A-41BF-4DE1-AFFB-162252CA8770} = {371C46E3-410B-4DAD-A9C6-242680B36A5F}
		{6B621AC4-D467-4FAB-B7C2-21BABFD851FB} = {371C46E3-410B-4DAD-A9C6-242680B36A5F}
		{0EA70ED8-4F0A-4BE3-B811-C361C2DFECB9} = {2A221644-E338-41E0-818A-5965A764D8BB}
		{75F4FE09-4F80-49B5-B8CB-C7E3E761AAA3} = {2D30F4A0-844D-4D3D-A438-2B0C3A4C5F36}
		{D128A18D-2433-40D8-BE29-DA6896DC25A3} = {2A221644-E338-41E0-818A-5965A764D8BB}
		{C1EAF217-931E-4B06-806A-97613C747572} = {E058C31D-38E8-4C6F-9974-192182FABD87}
		{36D48D93-A371-4F75-92B4-DA03497C3C86} = {FE505566-635A-406A-AD2F-32A8DBD160C4}
		{E077C39B-9DC3-4443-9CC4-F9A81DCF7E78} = {36D48D93-A371-4F75-92B4-DA03497C3C86}
		{60941526-F279-4C38-89AA-05D51E95B5C6} = {371C46E3-410B-4DAD-A9C6-242680B36A5F}
		{0BD31B0D-4675-460F-BF03-82AFAFDD1D1F} = {2D30F4A0-844D-4D3D-A438-2B0C3A4C5F36}
	EndGlobalSection
	GlobalSection(ExtensibilityGlobals) = postSolution
		SolutionGuid = {791F8149-BE8C-4AAE-8742-40E9C83D3B92}
	EndGlobalSection
EndGlobal
